
Microsoft Visual Studio Solution File, Format Version 12.00
# Visual Studio Version 16
VisualStudioVersion = 16.0.32630.194
MinimumVisualStudioVersion = 10.0.40219.1
Project("{FAE04EC0-301F-11D3-BF4B-00C04F79EFBC}") = "VeriTabanı_Projesi", "VeriTabanı_Projesi.csproj", "{5BCF83FF-831B-4330-B9FC-021ED257892E}"
EndProject
Global
	GlobalSection(SolutionConfigurationPlatforms) = preSolution
		Debug|Any CPU = Debug|Any CPU
		Release|Any CPU = Release|Any CPU
	EndGlobalSection
	GlobalSection(ProjectConfigurationPlatforms) = postSolution
		{5BCF83FF-831B-4330-B9FC-021ED257892E}.Debug|Any CPU.ActiveCfg = Debug|Any CPU
		{5BCF83FF-831B-4330-B9FC-021ED257892E}.Debug|Any CPU.Build.0 = Debug|Any CPU
		{5BCF83FF-831B-4330-B9FC-021ED257892E}.Release|Any CPU.ActiveCfg = Release|Any CPU
		{5BCF83FF-831B-4330-B9FC-021ED257892E}.Release|Any CPU.Build.0 = Release|Any CPU
	EndGlobalSection
	GlobalSection(SolutionProperties) = preSolution
		HideSolutionNode = FALSE
	EndGlobalSection
	GlobalSection(ExtensibilityGlobals) = postSolution
		SolutionGuid = {71D07FD9-1D5F-4454-BF57-699E0DCD153C}
	EndGlobalSection
EndGlobal
